{
  "name": "sitewise-mcp-server-pks",
  "version": "1.0.2",
  "lockfileVersion": 3,
  "requires": true,
  "packages": {
    "": {
      "name": "sitewise-mcp-server-pks",
      "version": "1.0.2",
      "license": "MIT",
      "os": [
        "darwin",
        "linux",
        "win32"
      ],
      "dependencies": {
        "@fredsander1234/dynamodb-mcp-server-pks": "^1.0.1"
      },
      "bin": {
        "sitewise-mcp-server-pks": "bin/sitewise-mcp-server-pks.js"
      },
      "engines": {
        "node": ">=16.0.0"
      }
    },
    "node_modules/@fredsander1234/dynamodb-mcp-server-pks": {
      "version": "1.0.1",
      "resolved": "https://registry.npmjs.org/@fredsander1234/dynamodb-mcp-server-pks/-/dynamodb-mcp-server-pks-1.0.1.tgz",
      "integrity": "sha512-7t5lq/onNx9xxNsi4QtN8mO4GIub5e885DRPOZQPYc8mlrE9EhDG8BNnGqo+Zx9dhvXo9SUUBO2r3sRFa8fEtw==",
      "license": "MIT",
      "os": [
        "darwin",
        "linux",
        "win32"
      ],
      "bin": {
        "dynamodb-mcp-server-pks": "bin/dynamodb-mcp-server-pks.js"
      },
      "engines": {
        "node": ">=16.0.0"
      }
    }
  }
}
