{
  "name": "sitewise-mcp-server",
  "version": "1.0.0",
  "lockfileVersion": 3,
  "requires": true,
  "packages": {
    "": {
      "name": "sitewise-mcp-server",
      "version": "1.0.0",
      "license": "MIT",
      "os": [
        "darwin",
        "linux",
        "win32"
      ],
      "bin": {
        "sitewise-mcp-server": "bin/sitewise-mcp-server.js"
      },
      "engines": {
        "node": ">=16.0.0"
      }
    }
  }
}
